
Microsoft Visual Studio Solution File, Format Version 12.00
# Visual Studio Version 17
VisualStudioVersion = 17.9.34723.18
MinimumVisualStudioVersion = 10.0.40219.1
Project("{9A19103F-16F7-4668-BE54-9A1E7A4F7556}") = "Community.Api", "Community.Api\Community.Api.csproj", "{10210613-FCC6-4620-821E-3FF735987D0F}"
EndProject
Project("{2150E333-8FDC-42A3-9474-1A3956D46DE8}") = "Application", "Application", "{EDD8F6FB-79FB-477F-97E9-64EFB5AB39A1}"
EndProject
Project("{2150E333-8FDC-42A3-9474-1A3956D46DE8}") = "DTOs", "DTOs", "{C936CF6B-3B77-4E8D-B384-5C463BA96FBD}"
EndProject
Project("{9A19103F-16F7-4668-BE54-9A1E7A4F7556}") = "Community.DTO", "Community.DTO\Community.DTO.csproj", "{DC3F48EA-2917-4A6F-9847-8C2D9A75EC0D}"
EndProject
Project("{2150E333-8FDC-42A3-9474-1A3956D46DE8}") = "Infrastructure", "Infrastructure", "{F2C2EA9D-230D-4DBE-B65A-0887DAE04D91}"
EndProject
Project("{2150E333-8FDC-42A3-9474-1A3956D46DE8}") = "DBContext", "DBContext", "{61F2665F-6BF9-42D2-92F1-D30BF807D306}"
EndProject
Project("{9A19103F-16F7-4668-BE54-9A1E7A4F7556}") = "Community.DBC", "Community.DBC\Community.DBC.csproj", "{E373FE23-5B36-424A-8357-6FBB3BA0E4FB}"
EndProject
Project("{2150E333-8FDC-42A3-9474-1A3956D46DE8}") = "Mappers", "Mappers", "{AC711B79-87BE-4FAA-8B0D-13A68712CC4A}"
EndProject
Project("{9A19103F-16F7-4668-BE54-9A1E7A4F7556}") = "DTO.FluentConfiguration", "DTO.FluentConfiguration\DTO.FluentConfiguration.csproj", "{3AF1B5ED-706C-4F8F-A5A6-E456381EF4CD}"
EndProject
Project("{2150E333-8FDC-42A3-9474-1A3956D46DE8}") = "Domain", "Domain", "{1BCDEAC0-EA68-424D-95EB-54B818854E43}"
EndProject
Project("{2150E333-8FDC-42A3-9474-1A3956D46DE8}") = "Interfaces", "Interfaces", "{BECB1156-BC9C-4FE0-94E7-D8583967759C}"
EndProject
Project("{2150E333-8FDC-42A3-9474-1A3956D46DE8}") = "Repositories", "Repositories", "{CDC1668A-580A-4B18-B1F4-F7AB1F4520DA}"
EndProject
Project("{9A19103F-16F7-4668-BE54-9A1E7A4F7556}") = "Community.Repositories", "Community.Repository\Community.Repositories.csproj", "{5DADEB43-980C-4CAD-928A-30949B2B12E5}"
EndProject
Project("{FAE04EC0-301F-11D3-BF4B-00C04F79EFBC}") = "Community.RepositoryInterfaces", "Community.RepositoryInterfaces\Community.RepositoryInterfaces.csproj", "{75BBFF26-AD9D-4BA7-9656-0BF7A2966C48}"
EndProject
Global
	GlobalSection(SolutionConfigurationPlatforms) = preSolution
		Debug|Any CPU = Debug|Any CPU
		Release|Any CPU = Release|Any CPU
	EndGlobalSection
	GlobalSection(ProjectConfigurationPlatforms) = postSolution
		{10210613-FCC6-4620-821E-3FF735987D0F}.Debug|Any CPU.ActiveCfg = Debug|Any CPU
		{10210613-FCC6-4620-821E-3FF735987D0F}.Debug|Any CPU.Build.0 = Debug|Any CPU
		{10210613-FCC6-4620-821E-3FF735987D0F}.Release|Any CPU.ActiveCfg = Release|Any CPU
		{10210613-FCC6-4620-821E-3FF735987D0F}.Release|Any CPU.Build.0 = Release|Any CPU
		{DC3F48EA-2917-4A6F-9847-8C2D9A75EC0D}.Debug|Any CPU.ActiveCfg = Debug|Any CPU
		{DC3F48EA-2917-4A6F-9847-8C2D9A75EC0D}.Debug|Any CPU.Build.0 = Debug|Any CPU
		{DC3F48EA-2917-4A6F-9847-8C2D9A75EC0D}.Release|Any CPU.ActiveCfg = Release|Any CPU
		{DC3F48EA-2917-4A6F-9847-8C2D9A75EC0D}.Release|Any CPU.Build.0 = Release|Any CPU
		{E373FE23-5B36-424A-8357-6FBB3BA0E4FB}.Debug|Any CPU.ActiveCfg = Debug|Any CPU
		{E373FE23-5B36-424A-8357-6FBB3BA0E4FB}.Debug|Any CPU.Build.0 = Debug|Any CPU
		{E373FE23-5B36-424A-8357-6FBB3BA0E4FB}.Release|Any CPU.ActiveCfg = Release|Any CPU
		{E373FE23-5B36-424A-8357-6FBB3BA0E4FB}.Release|Any CPU.Build.0 = Release|Any CPU
		{3AF1B5ED-706C-4F8F-A5A6-E456381EF4CD}.Debug|Any CPU.ActiveCfg = Debug|Any CPU
		{3AF1B5ED-706C-4F8F-A5A6-E456381EF4CD}.Debug|Any CPU.Build.0 = Debug|Any CPU
		{3AF1B5ED-706C-4F8F-A5A6-E456381EF4CD}.Release|Any CPU.ActiveCfg = Release|Any CPU
		{3AF1B5ED-706C-4F8F-A5A6-E456381EF4CD}.Release|Any CPU.Build.0 = Release|Any CPU
		{5DADEB43-980C-4CAD-928A-30949B2B12E5}.Debug|Any CPU.ActiveCfg = Debug|Any CPU
		{5DADEB43-980C-4CAD-928A-30949B2B12E5}.Debug|Any CPU.Build.0 = Debug|Any CPU
		{5DADEB43-980C-4CAD-928A-30949B2B12E5}.Release|Any CPU.ActiveCfg = Release|Any CPU
		{5DADEB43-980C-4CAD-928A-30949B2B12E5}.Release|Any CPU.Build.0 = Release|Any CPU
		{75BBFF26-AD9D-4BA7-9656-0BF7A2966C48}.Debug|Any CPU.ActiveCfg = Debug|Any CPU
		{75BBFF26-AD9D-4BA7-9656-0BF7A2966C48}.Debug|Any CPU.Build.0 = Debug|Any CPU
		{75BBFF26-AD9D-4BA7-9656-0BF7A2966C48}.Release|Any CPU.ActiveCfg = Release|Any CPU
		{75BBFF26-AD9D-4BA7-9656-0BF7A2966C48}.Release|Any CPU.Build.0 = Release|Any CPU
	EndGlobalSection
	GlobalSection(SolutionProperties) = preSolution
		HideSolutionNode = FALSE
	EndGlobalSection
	GlobalSection(NestedProjects) = preSolution
		{C936CF6B-3B77-4E8D-B384-5C463BA96FBD} = {EDD8F6FB-79FB-477F-97E9-64EFB5AB39A1}
		{DC3F48EA-2917-4A6F-9847-8C2D9A75EC0D} = {C936CF6B-3B77-4E8D-B384-5C463BA96FBD}
		{61F2665F-6BF9-42D2-92F1-D30BF807D306} = {F2C2EA9D-230D-4DBE-B65A-0887DAE04D91}
		{E373FE23-5B36-424A-8357-6FBB3BA0E4FB} = {61F2665F-6BF9-42D2-92F1-D30BF807D306}
		{AC711B79-87BE-4FAA-8B0D-13A68712CC4A} = {EDD8F6FB-79FB-477F-97E9-64EFB5AB39A1}
		{3AF1B5ED-706C-4F8F-A5A6-E456381EF4CD} = {AC711B79-87BE-4FAA-8B0D-13A68712CC4A}
		{BECB1156-BC9C-4FE0-94E7-D8583967759C} = {1BCDEAC0-EA68-424D-95EB-54B818854E43}
		{CDC1668A-580A-4B18-B1F4-F7AB1F4520DA} = {F2C2EA9D-230D-4DBE-B65A-0887DAE04D91}
		{5DADEB43-980C-4CAD-928A-30949B2B12E5} = {CDC1668A-580A-4B18-B1F4-F7AB1F4520DA}
		{75BBFF26-AD9D-4BA7-9656-0BF7A2966C48} = {BECB1156-BC9C-4FE0-94E7-D8583967759C}
	EndGlobalSection
	GlobalSection(ExtensibilityGlobals) = postSolution
		SolutionGuid = {21A04DFB-169C-4A91-8982-D840A33E1C02}
	EndGlobalSection
EndGlobal
